
Microsoft Visual Studio Solution File, Format Version 12.00
# Visual Studio Version 17
VisualStudioVersion = 17.8.34525.116
MinimumVisualStudioVersion = 10.0.40219.1
Project("{FAE04EC0-301F-11D3-BF4B-00C04F79EFBC}") = "Mahdi_Sina_AP_Project", "Mahdi_Sina_AP_Project.csproj", "{3D7D8D45-B8CA-4238-B005-28B653BB8012}"
EndProject
Global
	GlobalSection(SolutionConfigurationPlatforms) = preSolution
		Debug|Any CPU = Debug|Any CPU
		Release|Any CPU = Release|Any CPU
	EndGlobalSection
	GlobalSection(ProjectConfigurationPlatforms) = postSolution
		{3D7D8D45-B8CA-4238-B005-28B653BB8012}.Debug|Any CPU.ActiveCfg = Debug|Any CPU
		{3D7D8D45-B8CA-4238-B005-28B653BB8012}.Debug|Any CPU.Build.0 = Debug|Any CPU
		{3D7D8D45-B8CA-4238-B005-28B653BB8012}.Release|Any CPU.ActiveCfg = Release|Any CPU
		{3D7D8D45-B8CA-4238-B005-28B653BB8012}.Release|Any CPU.Build.0 = Release|Any CPU
	EndGlobalSection
	GlobalSection(SolutionProperties) = preSolution
		HideSolutionNode = FALSE
	EndGlobalSection
	GlobalSection(ExtensibilityGlobals) = postSolution
		SolutionGuid = {FB50CC70-BD24-48D0-AC32-4079310E94E1}
	EndGlobalSection
EndGlobal
